{
  "version": 1,
  "dependencies": {
    "net10.0-windows7.0": {
      "DalamudPackager": {
        "type": "Direct",
        "requested": "[15.0.0, )",
        "resolved": "15.0.0",
        "contentHash": "411vwC8/X8Z/sQ2TI6v3SvOn66xFPeOjFn3Zn+h0d3Ox2t1kFm66AhDvmx/qcMwVrR+Hidxj0dadpQ2dgyXMBQ=="
      },
      "DotNet.ReproducibleBuilds": {
        "type": "Direct",
        "requested": "[1.2.39, )",
        "resolved": "1.2.39",
        "contentHash": "fcFN01tDTIQqDuTwr1jUQK/geofiwjG5DycJQOnC72i1SsLAk1ELe+apBOuZ11UMQG8YKFZG1FgvjZPbqHyatg=="
      },
      "HidSharp": {
        "type": "Direct",
        "requested": "[2.1.0, )",
        "resolved": "2.1.0",
        "contentHash": "UTdxWvbgp2xzT1Ajaa2va+Qi3oNHJPasYmVhbKI2VVdu1VYP6yUG+RikhsHvpD7iM0S8e8UYb5Qm/LTWxx9QAA=="
      },
      "Microsoft.AspNetCore.SignalR.Client": {
        "type": "Direct",
        "requested": "[10.0.8, )",
        "resolved": "10.0.8",
        "contentHash": "GC0SmIqE1b5Lqibt5mZ5yN7RtMKxwzaLvceSpo9f3GPZChCevLVLeAnxEhmNq79yYjXMK5K7TYdu7nVeENLinw==",
        "dependencies": {
          "Microsoft.AspNetCore.Http.Connections.Client": "10.0.8",
          "Microsoft.AspNetCore.SignalR.Client.Core": "10.0.8"
        }
      },
      "Newtonsoft.Json": {
        "type": "Direct",
        "requested": "[13.0.3, )",
        "resolved": "13.0.3",
        "contentHash": "HrC5BXdl00IP9zeV+0Z848QWPAoCr9P3bDEZguI+gkLcBKAOxix/tLEAAHC+UvDNPv4a2d18lOReHMOagPa+zQ=="
      },
      "SixLabors.ImageSharp": {
        "type": "Direct",
        "requested": "[3.1.7, )",
        "resolved": "3.1.7",
        "contentHash": "9fIOOAsyLFid6qKypM2Iy0Z3Q9yoanV8VoYAHtI2sYGMNKzhvRTjgFDHonIiVe+ANtxIxM6SuqUzj0r91nItpA=="
      },
      "System.Drawing.Common": {
        "type": "Direct",
        "requested": "[8.0.0, )",
        "resolved": "8.0.0",
        "contentHash": "JkbHJjtI/dWc5dfmEdJlbe3VwgZqCkZRtfuWFh5GOv0f+gGCfBtzMpIVkmdkj2AObO9y+oiOi81UGwH3aBYuqA==",
        "dependencies": {
          "Microsoft.Win32.SystemEvents": "8.0.0"
        }
      },
      "Vortice.D3DCompiler": {
        "type": "Direct",
        "requested": "[3.5.0, )",
        "resolved": "3.5.0",
        "contentHash": "zPo545NXqrKbQf0EDK4jKmxe1KS4v9c+04eycFrfsokX/h0sZKkfmqcluXYzUh/F+5dv6kN9kUf7OTRO2mLqqQ==",
        "dependencies": {
          "SharpGen.Runtime": "2.1.2-beta",
          "Vortice.DirectX": "3.5.0"
        }
      },
      "Vortice.Direct3D11": {
        "type": "Direct",
        "requested": "[3.5.0, )",
        "resolved": "3.5.0",
        "contentHash": "TUVz5tml5tTlk1UpQgh/0cj74ehmlyzvQeGdVkdQGACth2v2t1d+/f84dqT/Trs/5O2WdIvXfYQe2yxALLR5mQ==",
        "dependencies": {
          "SharpGen.Runtime": "2.1.2-beta",
          "Vortice.DXGI": "3.5.0"
        }
      },
      "CefSharp.Common.NETCore": {
        "type": "Transitive",
        "resolved": "148.0.90",
        "contentHash": "Au7BZhWuKFBK/I4mj7FLQb+OtiqKhomjWhizY+cSSdxedkRcNZ3h+9/6wyuvR5+caOwHmtbChb/dGYe7nLXw+g==",
        "dependencies": {
          "chromiumembeddedframework.runtime": "[148.0.9]"
        }
      },
      "CefSharp.OffScreen.NETCore": {
        "type": "Transitive",
        "resolved": "148.0.90",
        "contentHash": "yqoLNReghNE63hp+QGeqxx/BAdEIv6Y+dw66Z+BdBgXNf8Qjj3YIbJzRBr3Ct4Fh8YX9/+7D7Dt+0z7iA2WqlQ==",
        "dependencies": {
          "CefSharp.Common.NETCore": "[148.0.90]"
        }
      },
      "chromiumembeddedframework.runtime": {
        "type": "Transitive",
        "resolved": "148.0.9",
        "contentHash": "7lhX4E7AbHfKkgaXgN6uuUIivEq+q5z+Wt3XN8ISOuqZidAqUhO3zAzwsx2uIx29qvWQGEjTTnuLXaBx8d1QLQ=="
      },
      "LibVLCSharp": {
        "type": "Transitive",
        "resolved": "3.9.0",
        "contentHash": "wydvN5kotK5y/ZRC04/F6YUqesJCzdixaItRkR8L0/nOLSs2/BJ7rKRbU7BxkxpKIBqlN8EpuXxH/fQEZEHtuw=="
      },
      "Microsoft.AspNetCore.Connections.Abstractions": {
        "type": "Transitive",
        "resolved": "10.0.8",
        "contentHash": "DfmEvnTPOVfkz8s4zDdmjy7z1iiwid3IDnonPD2V48j812njrfgP7CxphDn0b+Iq92+PU0WFH1xpAv09pTUEvg==",
        "dependencies": {
          "Microsoft.Extensions.Features": "10.0.8"
        }
      },
      "Microsoft.AspNetCore.Http.Connections.Client": {
        "type": "Transitive",
        "resolved": "10.0.8",
        "contentHash": "qZaRK0U6mL990BlSpLkKnA9O1NQX+5pz9l6/PQIQCHZEpCCuLG2xsBVGOj6YhH5mGe/3GzKvDQfAZt+Iihlqfw==",
        "dependencies": {
          "Microsoft.AspNetCore.Http.Connections.Common": "10.0.8",
          "Microsoft.Extensions.Logging.Abstractions": "10.0.8",
          "Microsoft.Extensions.Options": "10.0.8"
        }
      },
      "Microsoft.AspNetCore.Http.Connections.Common": {
        "type": "Transitive",
        "resolved": "10.0.8",
        "contentHash": "gcVqAq9lnp6o+RFmOw/fPlOWQWm8pmB92f59hmF+grZjtByVAx9HeVLE7QJjjPJMt/vubP2TbhXIb0ksxD8cZw==",
        "dependencies": {
          "Microsoft.AspNetCore.Connections.Abstractions": "10.0.8"
        }
      },
      "Microsoft.AspNetCore.SignalR.Client.Core": {
        "type": "Transitive",
        "resolved": "10.0.8",
        "contentHash": "M4eBfXAdDS8ziiIKGCon+dQZC0u+BIZ1K0JqI982vfNCcr1ZxChp68pDBCShTv4m1D3qJr8YC4Sm4KEWtQ+HRg==",
        "dependencies": {
          "Microsoft.AspNetCore.SignalR.Common": "10.0.8",
          "Microsoft.AspNetCore.SignalR.Protocols.Json": "10.0.8",
          "Microsoft.Extensions.DependencyInjection": "10.0.8",
          "Microsoft.Extensions.Logging": "10.0.8"
        }
      },
      "Microsoft.AspNetCore.SignalR.Common": {
        "type": "Transitive",
        "resolved": "10.0.8",
        "contentHash": "k++Zhl06barMW30QwGoOMNhPOjANk/w8m2Kbz4JNZ6qHQm4jC7yckZqbK8oOyGV6uushrGtpbNTlCpsOWfnFug==",
        "dependencies": {
          "Microsoft.AspNetCore.Connections.Abstractions": "10.0.8",
          "Microsoft.Extensions.Options": "10.0.8"
        }
      },
      "Microsoft.AspNetCore.SignalR.Protocols.Json": {
        "type": "Transitive",
        "resolved": "10.0.8",
        "contentHash": "xaN3NF3Kf252nNiY3aq+oRtDM4XayUB8+ZyqR8qHq5InjLxGk7JZPEnN0KIbp6OLeuEAv8s1NwXSsgOSYm3ZVQ==",
        "dependencies": {
          "Microsoft.AspNetCore.SignalR.Common": "10.0.8"
        }
      },
      "Microsoft.Extensions.DependencyInjection": {
        "type": "Transitive",
        "resolved": "10.0.8",
        "contentHash": "daf62xHIrq8pnE709hgaZZN9tSam9TGGepWe1+bE6V3GEuVwJiMs6ib+38lfMCyAJAHiX0vapxBhsuMSV7U+cg==",
        "dependencies": {
          "Microsoft.Extensions.DependencyInjection.Abstractions": "10.0.8"
        }
      },
      "Microsoft.Extensions.DependencyInjection.Abstractions": {
        "type": "Transitive",
        "resolved": "10.0.8",
        "contentHash": "21nbDV60SRPWGIivsyl6lqBeEJNG1sginhhfWgRrr3Ais7aQ12To25OAHQxgoiJkjqy1aQ6RxpZBGYuTi7Ge6A=="
      },
      "Microsoft.Extensions.Features": {
        "type": "Transitive",
        "resolved": "10.0.8",
        "contentHash": "pzn7prqSzxHmXIQw+yomgkEUMU5ZtE+WK/5syc8ob5rWrRaqb+JTt7GkW9AU9y6NMVNTEjV9vrJMfO+lUlcH8A=="
      },
      "Microsoft.Extensions.Logging": {
        "type": "Transitive",
        "resolved": "10.0.8",
        "contentHash": "K60JhWC2hN/Gi7TP68tBxSzk5ACWOs7lkmPzsfA8Bcf/IXTajujt2ORMf9rSMk1bsng6Lv4Y3fuxp3bm1+15ug==",
        "dependencies": {
          "Microsoft.Extensions.DependencyInjection": "10.0.8",
          "Microsoft.Extensions.Logging.Abstractions": "10.0.8",
          "Microsoft.Extensions.Options": "10.0.8"
        }
      },
      "Microsoft.Extensions.Logging.Abstractions": {
        "type": "Transitive",
        "resolved": "10.0.8",
        "contentHash": "fdVadZmsC8jRP0KvKy8mO8f6GV/HyBvElfcSxEhd+5FM5boAw/01iSaCto5G3G37ApJira4A3pNaVvBv8cUiLQ==",
        "dependencies": {
          "Microsoft.Extensions.DependencyInjection.Abstractions": "10.0.8"
        }
      },
      "Microsoft.Extensions.Options": {
        "type": "Transitive",
        "resolved": "10.0.8",
        "contentHash": "VBD+131DpTNCNDfA4kIyKTiCySvJGNhwibdWBSdFRu7GMfXLXcXODkgA+KStKbbhzraLglZWUN4nXyHgW4JIRA==",
        "dependencies": {
          "Microsoft.Extensions.DependencyInjection.Abstractions": "10.0.8",
          "Microsoft.Extensions.Primitives": "10.0.8"
        }
      },
      "Microsoft.Extensions.Primitives": {
        "type": "Transitive",
        "resolved": "10.0.8",
        "contentHash": "OBPo4nYhMyIbtueoC10CBm6AGAbo/A9IV8QQ/6ryZS7VvmqpGT7hunazeHLxFawRzn3oLOq4jhqhpBX4tfswWQ=="
      },
      "Microsoft.Win32.SystemEvents": {
        "type": "Transitive",
        "resolved": "8.0.0",
        "contentHash": "9opKRyOKMCi2xJ7Bj7kxtZ1r9vbzosMvRrdEhVhDz8j8MoBGgB+WmC94yH839NPH+BclAjtQ/pyagvi/8gDLkw=="
      },
      "NAudio": {
        "type": "Transitive",
        "resolved": "2.2.1",
        "contentHash": "c0DzwiyyklM0TP39Y7RObwO3QkWecgM6H60ikiEnsV/aEAJPbj5MFCLaD8BSfKuZe0HGuh9GRGWWlJmSxDc9MA==",
        "dependencies": {
          "NAudio.Asio": "2.2.1",
          "NAudio.Core": "2.2.1",
          "NAudio.Midi": "2.2.1",
          "NAudio.Wasapi": "2.2.1",
          "NAudio.WinForms": "2.2.1",
          "NAudio.WinMM": "2.2.1"
        }
      },
      "NAudio.Asio": {
        "type": "Transitive",
        "resolved": "2.2.1",
        "contentHash": "hQglyOT5iT3XuGpBP8ZG0+aoqwRfidHjTNehpoWwX0g6KJEgtH2VaqM2nuJ2mheKZa/IBqB4YQTZVvrIapzfOA==",
        "dependencies": {
          "NAudio.Core": "2.2.1"
        }
      },
      "NAudio.Core": {
        "type": "Transitive",
        "resolved": "2.2.1",
        "contentHash": "GgkdP6K/7FqXFo7uHvoqGZTJvW4z8g2IffhOO4JHaLzKCdDOUEzVKtveoZkCuUX8eV2HAINqi7VFqlFndrnz/g=="
      },
      "NAudio.Midi": {
        "type": "Transitive",
        "resolved": "2.2.1",
        "contentHash": "6r23ylGo5aeP02WFXsPquz0T0hFJWyh+7t++tz19tc3Kr38NHm+Z9j+FiAv+xkH8tZqXJqus9Q8p6u7bidIgbw==",
        "dependencies": {
          "NAudio.Core": "2.2.1"
        }
      },
      "NAudio.Wasapi": {
        "type": "Transitive",
        "resolved": "2.2.1",
        "contentHash": "lFfXoqacZZe0WqNChJgGYI+XV/n/61LzPHT3C1CJp4khoxeo2sziyX5wzNYWeCMNbsWxFvT3b3iXeY1UYjBhZw==",
        "dependencies": {
          "NAudio.Core": "2.2.1"
        }
      },
      "NAudio.WinForms": {
        "type": "Transitive",
        "resolved": "2.2.1",
        "contentHash": "DlDkewY1myY0A+3NrYRJD+MZhZV0yy1mNF6dckB27IQ9XCs/My5Ip8BZcoSHOsaPSe2GAjvoaDnk6N9w8xTv7w==",
        "dependencies": {
          "NAudio.WinMM": "2.2.1"
        }
      },
      "NAudio.WinMM": {
        "type": "Transitive",
        "resolved": "2.2.1",
        "contentHash": "xFHRFwH4x6aq3IxRbewvO33ugJRvZFEOfO62i7uQJRUNW2cnu6BeBTHUS0JD5KBucZbHZaYqxQG8dwZ47ezQuQ==",
        "dependencies": {
          "NAudio.Core": "2.2.1"
        }
      },
      "Sentry": {
        "type": "Transitive",
        "resolved": "6.12.0",
        "contentHash": "7IRSoMWSxzjD204mFrQs0+kU7/ZAQRcqNdiFB8tN9R8CxgwZvP/rrD2nuWmQnFleQwA3yZYcpR8m3EtGfP5x5w=="
      },
      "SharpGen.Runtime": {
        "type": "Transitive",
        "resolved": "2.1.2-beta",
        "contentHash": "nqZAjfEG1jX1ivvdZLsi6Pkt0DiOJyuOgRgldNFsmjXFPhxUbXQibofLSwuDZidL2kkmtTF8qLoRIeqeVdXgYw=="
      },
      "SharpGen.Runtime.COM": {
        "type": "Transitive",
        "resolved": "2.1.2-beta",
        "contentHash": "HBCrb6HfnUWx9v5/GjJeBr5DuodZLnHlFQQYXPrQs1Hbe1c6Wd0uCXf+SJp4hW8fQNxjXEu0FgiyHGlA/SRzRw==",
        "dependencies": {
          "SharpGen.Runtime": "2.1.2-beta"
        }
      },
      "VideoLAN.LibVLC.Windows": {
        "type": "Transitive",
        "resolved": "3.0.18",
        "contentHash": "A7Fg86aSziadDxB4F8AWN6kHNgEYJqerdPG9SflPM0GDO9m/O2jnc60mfSa52xOh5EC4U62W0y4kdyw+FgB2iQ=="
      },
      "Vortice.DirectX": {
        "type": "Transitive",
        "resolved": "3.5.0",
        "contentHash": "LwyojEqRCaYgMoEqKsLnHWJ85wM237wFzZy/w57kvQPDsEd+zcqdwDYswOCEdizcLtDBzX/Xt4bbUPgFi8Kp4w==",
        "dependencies": {
          "SharpGen.Runtime": "2.1.2-beta",
          "SharpGen.Runtime.COM": "2.1.2-beta",
          "Vortice.Mathematics": "1.7.8"
        }
      },
      "Vortice.DXGI": {
        "type": "Transitive",
        "resolved": "3.5.0",
        "contentHash": "W1dHY13DbitLJDVAAD8+YiGddqzBP1m3wN3pfEmxYrrE+dGEV/31aaw8EV74GXYnJQZ2vWJCnc7LCFPR2YkBnw==",
        "dependencies": {
          "SharpGen.Runtime": "2.1.2-beta",
          "Vortice.DirectX": "3.5.0"
        }
      },
      "Vortice.Mathematics": {
        "type": "Transitive",
        "resolved": "1.7.8",
        "contentHash": "hpVlfej54yC6Qaq9AYXWgTgF8SDz2dtKbDNZGO8msjn3NjdkUBnFcIzYfOWyvwvpr3aqZPKh4WSSnJ78GxyIWg=="
      },
      "mediaplayercore": {
        "type": "Project",
        "dependencies": {
          "CefSharp.OffScreen.NETCore": "[148.0.90, )",
          "LibVLCSharp": "[3.9.0, )",
          "NAudio": "[2.2.1, )",
          "NAudio.Core": "[2.2.1, )",
          "NAudio.Wasapi": "[2.2.1, )",
          "NAudio.WinMM": "[2.2.1, )",
          "Newtonsoft.Json": "[13.0.3, )",
          "Sentry": "[6.12.0, )",
          "SixLabors.ImageSharp": "[3.1.7, )",
          "VideoLAN.LibVLC.Windows": "[3.0.18, )"
        }
      }
    },
    "net10.0-windows7.0/win-x64": {
      "CefSharp.Common.NETCore": {
        "type": "Transitive",
        "resolved": "148.0.90",
        "contentHash": "Au7BZhWuKFBK/I4mj7FLQb+OtiqKhomjWhizY+cSSdxedkRcNZ3h+9/6wyuvR5+caOwHmtbChb/dGYe7nLXw+g==",
        "dependencies": {
          "chromiumembeddedframework.runtime": "[148.0.9]"
        }
      },
      "chromiumembeddedframework.runtime": {
        "type": "Transitive",
        "resolved": "148.0.9",
        "contentHash": "7lhX4E7AbHfKkgaXgN6uuUIivEq+q5z+Wt3XN8ISOuqZidAqUhO3zAzwsx2uIx29qvWQGEjTTnuLXaBx8d1QLQ==",
        "dependencies": {
          "chromiumembeddedframework.runtime.win-x64": "148.0.9"
        }
      },
      "chromiumembeddedframework.runtime.win-x64": {
        "type": "Transitive",
        "resolved": "148.0.9",
        "contentHash": "LB4O7yKJs3FFjs+8ILSzB4wT72gbE1Xi8bj8aFay3Fjfqxqpkt/25h3usq8D9buZm5x/c/p6n9Zhh82V7Lld/w=="
      },
      "Microsoft.Win32.SystemEvents": {
        "type": "Transitive",
        "resolved": "8.0.0",
        "contentHash": "9opKRyOKMCi2xJ7Bj7kxtZ1r9vbzosMvRrdEhVhDz8j8MoBGgB+WmC94yH839NPH+BclAjtQ/pyagvi/8gDLkw=="
      }
    }
  }
}